
Microsoft Visual Studio Solution File, Format Version 12.00
# Visual Studio Version 16
VisualStudioVersion = 16.0.30804.86
MinimumVisualStudioVersion = 10.0.40219.1
Project("{2150E333-8FDC-42A3-9474-1A3956D46DE8}") = "src", "src", "{5A3527C5-51BB-4FE6-879A-E7627E376AAE}"
EndProject
Project("{2150E333-8FDC-42A3-9474-1A3956D46DE8}") = "APIGateways", "APIGateways", "{CA392611-BCBD-4492-8DF2-31F7AFAAE8A5}"
EndProject
Project("{2150E333-8FDC-42A3-9474-1A3956D46DE8}") = "Microservices", "Microservices", "{8B356D86-B3B3-4EEB-BEEA-2962617AE9B3}"
EndProject
Project("{2150E333-8FDC-42A3-9474-1A3956D46DE8}") = "EventBus", "EventBus", "{812F5DDB-4F1F-4DDE-A2B6-965274FC765C}"
EndProject
Project("{2150E333-8FDC-42A3-9474-1A3956D46DE8}") = "Clients", "Clients", "{A7E9A55B-FDA4-4ED3-A3B9-CB2BBA46B612}"
EndProject
Project("{2150E333-8FDC-42A3-9474-1A3956D46DE8}") = "Web", "Web", "{8937415F-3C53-4A40-8CEB-A5A10771663F}"
EndProject
Project("{9A19103F-16F7-4668-BE54-9A1E7A4F7556}") = "YCompany.WebGateway", "src\APIGateways\Web\YCompany.WebGateway\YCompany.WebGateway.csproj", "{400BCD6C-9FED-4D4E-A383-A151F6DE7412}"
EndProject
Project("{9A19103F-16F7-4668-BE54-9A1E7A4F7556}") = "YCompany.Web.HttpAggregator", "src\APIGateways\Web\YCompany.Web.HttpAggregator\YCompany.Web.HttpAggregator.csproj", "{A2BAFD99-2CA6-41F4-9E41-E8B2FD8965DE}"
EndProject
Project("{2150E333-8FDC-42A3-9474-1A3956D46DE8}") = "Mobile", "Mobile", "{13FF26EC-F7D6-40A7-8488-0C5E0A663C09}"
EndProject
Project("{FAE04EC0-301F-11D3-BF4B-00C04F79EFBC}") = "YCompany.MobileGateway", "src\APIGateways\Mobile\YCompany.MobileGateway\YCompany.MobileGateway.csproj", "{048909B6-178C-418E-A64C-2A4E10BB2C2C}"
EndProject
Project("{FAE04EC0-301F-11D3-BF4B-00C04F79EFBC}") = "YCompany.Mobile.HttpAggregator", "src\APIGateways\Mobile\YCompany.Mobile.HttpAggregator\YCompany.Mobile.HttpAggregator.csproj", "{A41B8C2F-8116-42BE-86F5-674A0223FF3C}"
EndProject
Project("{2150E333-8FDC-42A3-9474-1A3956D46DE8}") = "Domain", "Domain", "{7BF70C60-B35F-4308-953E-8A940921E224}"
EndProject
Project("{FAE04EC0-301F-11D3-BF4B-00C04F79EFBC}") = "YCompany.MicroRabbit.Domain.Core", "src\Domain\YCompany.MicroRabbit.Domain.Core\YCompany.MicroRabbit.Domain.Core.csproj", "{3FF00A01-A3E4-45F2-ABBE-09ADC7A0A7EB}"
EndProject
Global
	GlobalSection(SolutionConfigurationPlatforms) = preSolution
		Debug|Any CPU = Debug|Any CPU
		Release|Any CPU = Release|Any CPU
	EndGlobalSection
	GlobalSection(ProjectConfigurationPlatforms) = postSolution
		{400BCD6C-9FED-4D4E-A383-A151F6DE7412}.Debug|Any CPU.ActiveCfg = Debug|Any CPU
		{400BCD6C-9FED-4D4E-A383-A151F6DE7412}.Debug|Any CPU.Build.0 = Debug|Any CPU
		{400BCD6C-9FED-4D4E-A383-A151F6DE7412}.Release|Any CPU.ActiveCfg = Release|Any CPU
		{400BCD6C-9FED-4D4E-A383-A151F6DE7412}.Release|Any CPU.Build.0 = Release|Any CPU
		{A2BAFD99-2CA6-41F4-9E41-E8B2FD8965DE}.Debug|Any CPU.ActiveCfg = Debug|Any CPU
		{A2BAFD99-2CA6-41F4-9E41-E8B2FD8965DE}.Debug|Any CPU.Build.0 = Debug|Any CPU
		{A2BAFD99-2CA6-41F4-9E41-E8B2FD8965DE}.Release|Any CPU.ActiveCfg = Release|Any CPU
		{A2BAFD99-2CA6-41F4-9E41-E8B2FD8965DE}.Release|Any CPU.Build.0 = Release|Any CPU
		{048909B6-178C-418E-A64C-2A4E10BB2C2C}.Debug|Any CPU.ActiveCfg = Debug|Any CPU
		{048909B6-178C-418E-A64C-2A4E10BB2C2C}.Debug|Any CPU.Build.0 = Debug|Any CPU
		{048909B6-178C-418E-A64C-2A4E10BB2C2C}.Release|Any CPU.ActiveCfg = Release|Any CPU
		{048909B6-178C-418E-A64C-2A4E10BB2C2C}.Release|Any CPU.Build.0 = Release|Any CPU
		{A41B8C2F-8116-42BE-86F5-674A0223FF3C}.Debug|Any CPU.ActiveCfg = Debug|Any CPU
		{A41B8C2F-8116-42BE-86F5-674A0223FF3C}.Debug|Any CPU.Build.0 = Debug|Any CPU
		{A41B8C2F-8116-42BE-86F5-674A0223FF3C}.Release|Any CPU.ActiveCfg = Release|Any CPU
		{A41B8C2F-8116-42BE-86F5-674A0223FF3C}.Release|Any CPU.Build.0 = Release|Any CPU
		{3FF00A01-A3E4-45F2-ABBE-09ADC7A0A7EB}.Debug|Any CPU.ActiveCfg = Debug|Any CPU
		{3FF00A01-A3E4-45F2-ABBE-09ADC7A0A7EB}.Debug|Any CPU.Build.0 = Debug|Any CPU
		{3FF00A01-A3E4-45F2-ABBE-09ADC7A0A7EB}.Release|Any CPU.ActiveCfg = Release|Any CPU
		{3FF00A01-A3E4-45F2-ABBE-09ADC7A0A7EB}.Release|Any CPU.Build.0 = Release|Any CPU
	EndGlobalSection
	GlobalSection(SolutionProperties) = preSolution
		HideSolutionNode = FALSE
	EndGlobalSection
	GlobalSection(NestedProjects) = preSolution
		{CA392611-BCBD-4492-8DF2-31F7AFAAE8A5} = {5A3527C5-51BB-4FE6-879A-E7627E376AAE}
		{8B356D86-B3B3-4EEB-BEEA-2962617AE9B3} = {5A3527C5-51BB-4FE6-879A-E7627E376AAE}
		{812F5DDB-4F1F-4DDE-A2B6-965274FC765C} = {5A3527C5-51BB-4FE6-879A-E7627E376AAE}
		{A7E9A55B-FDA4-4ED3-A3B9-CB2BBA46B612} = {5A3527C5-51BB-4FE6-879A-E7627E376AAE}
		{8937415F-3C53-4A40-8CEB-A5A10771663F} = {CA392611-BCBD-4492-8DF2-31F7AFAAE8A5}
		{400BCD6C-9FED-4D4E-A383-A151F6DE7412} = {8937415F-3C53-4A40-8CEB-A5A10771663F}
		{A2BAFD99-2CA6-41F4-9E41-E8B2FD8965DE} = {8937415F-3C53-4A40-8CEB-A5A10771663F}
		{13FF26EC-F7D6-40A7-8488-0C5E0A663C09} = {CA392611-BCBD-4492-8DF2-31F7AFAAE8A5}
		{048909B6-178C-418E-A64C-2A4E10BB2C2C} = {13FF26EC-F7D6-40A7-8488-0C5E0A663C09}
		{A41B8C2F-8116-42BE-86F5-674A0223FF3C} = {13FF26EC-F7D6-40A7-8488-0C5E0A663C09}
		{7BF70C60-B35F-4308-953E-8A940921E224} = {5A3527C5-51BB-4FE6-879A-E7627E376AAE}
		{3FF00A01-A3E4-45F2-ABBE-09ADC7A0A7EB} = {7BF70C60-B35F-4308-953E-8A940921E224}
	EndGlobalSection
	GlobalSection(ExtensibilityGlobals) = postSolution
		SolutionGuid = {519019AB-98A3-46DE-8E37-B43D13919943}
	EndGlobalSection
EndGlobal
