
Microsoft Visual Studio Solution File, Format Version 12.00
# Visual Studio Version 16
VisualStudioVersion = 16.0.30804.86
MinimumVisualStudioVersion = 10.0.40219.1
Project("{2150E333-8FDC-42A3-9474-1A3956D46DE8}") = "src", "src", "{5A3527C5-51BB-4FE6-879A-E7627E376AAE}"
EndProject
Project("{2150E333-8FDC-42A3-9474-1A3956D46DE8}") = "APIGateways", "APIGateways", "{CA392611-BCBD-4492-8DF2-31F7AFAAE8A5}"
EndProject
Project("{2150E333-8FDC-42A3-9474-1A3956D46DE8}") = "Microservices", "Microservices", "{8B356D86-B3B3-4EEB-BEEA-2962617AE9B3}"
EndProject
Project("{2150E333-8FDC-42A3-9474-1A3956D46DE8}") = "EventBus", "EventBus", "{812F5DDB-4F1F-4DDE-A2B6-965274FC765C}"
EndProject
Project("{2150E333-8FDC-42A3-9474-1A3956D46DE8}") = "Clients", "Clients", "{A7E9A55B-FDA4-4ED3-A3B9-CB2BBA46B612}"
EndProject
Project("{2150E333-8FDC-42A3-9474-1A3956D46DE8}") = "Web", "Web", "{8937415F-3C53-4A40-8CEB-A5A10771663F}"
EndProject
Project("{9A19103F-16F7-4668-BE54-9A1E7A4F7556}") = "YCompany.WebGateway", "src\APIGateways\Web\YCompany.WebGateway\YCompany.WebGateway.csproj", "{400BCD6C-9FED-4D4E-A383-A151F6DE7412}"
EndProject
Project("{9A19103F-16F7-4668-BE54-9A1E7A4F7556}") = "YCompany.Web.HttpAggregator", "src\APIGateways\Web\YCompany.Web.HttpAggregator\YCompany.Web.HttpAggregator.csproj", "{A2BAFD99-2CA6-41F4-9E41-E8B2FD8965DE}"
EndProject
Project("{2150E333-8FDC-42A3-9474-1A3956D46DE8}") = "Mobile", "Mobile", "{13FF26EC-F7D6-40A7-8488-0C5E0A663C09}"
EndProject
Project("{9A19103F-16F7-4668-BE54-9A1E7A4F7556}") = "YCompany.MobileGateway", "src\APIGateways\Mobile\YCompany.MobileGateway\YCompany.MobileGateway.csproj", "{048909B6-178C-418E-A64C-2A4E10BB2C2C}"
EndProject
Project("{9A19103F-16F7-4668-BE54-9A1E7A4F7556}") = "YCompany.Mobile.HttpAggregator", "src\APIGateways\Mobile\YCompany.Mobile.HttpAggregator\YCompany.Mobile.HttpAggregator.csproj", "{A41B8C2F-8116-42BE-86F5-674A0223FF3C}"
EndProject
Project("{9A19103F-16F7-4668-BE54-9A1E7A4F7556}") = "YCompany.Library.RabbitMQ.Infra.Bus", "src\EventBus\YCompany.Microservice.RabbitMq.Infra.Bus\YCompany.Library.RabbitMQ.Infra.Bus.csproj", "{3F35679E-1887-40CB-B5C5-C403AF4EEBF5}"
EndProject
Project("{9A19103F-16F7-4668-BE54-9A1E7A4F7556}") = "YCompany.Library.RabbitMQ.Infra.IOC", "src\EventBus\YCompany.Microservice.RabbitMQ.Infra.IOC\YCompany.Library.RabbitMQ.Infra.IOC.csproj", "{FF35A804-591A-4D9D-A5D4-5E6B86910380}"
EndProject
Project("{9A19103F-16F7-4668-BE54-9A1E7A4F7556}") = "YCompany.Library.MicroRabbit.Core", "src\EventBus\YCompany.MicroRabbit.Domain.Core\YCompany.Library.MicroRabbit.Core.csproj", "{C5D58E82-A1F8-4DEA-8AD3-056EBEBD90AC}"
EndProject
Project("{9A19103F-16F7-4668-BE54-9A1E7A4F7556}") = "YCompany.Identity.API", "src\Microservices\Identity\YCompany.Identity.API.csproj", "{EFA39E52-2C63-479F-9D31-D329F30BC6F1}"
EndProject
Project("{2150E333-8FDC-42A3-9474-1A3956D46DE8}") = "AuthCommon", "AuthCommon", "{35FE7AE7-9745-458C-87C7-CDF5BBF9AC22}"
EndProject
Project("{9A19103F-16F7-4668-BE54-9A1E7A4F7556}") = "YCompany.Gateways.AuthCommon", "src\APIGateways\AuthCommon\YCompany.Gateways.AuthCommon\YCompany.Gateways.AuthCommon.csproj", "{98FAEBE6-AF8A-4081-8910-0631A10AD0FC}"
EndProject
Project("{9A19103F-16F7-4668-BE54-9A1E7A4F7556}") = "YCompany.Claim.API", "src\Microservices\Claim\YCompany.Claim.API.csproj", "{3F00A812-1BBE-418D-B712-B8BB6C8AE05E}"
EndProject
Project("{2150E333-8FDC-42A3-9474-1A3956D46DE8}") = "Common", "Common", "{353D2626-2501-4938-B68D-E453C17F1269}"
EndProject
Project("{9A19103F-16F7-4668-BE54-9A1E7A4F7556}") = "YCompany.Microservices.EntityFrameworkCore", "src\Microservices\Common\YCompany.Microservices.EntityFrameworkCore\YCompany.Microservices.EntityFrameworkCore.csproj", "{5B3F3772-3F37-4D8F-A084-D4C8E12EF87F}"
EndProject
Project("{9A19103F-16F7-4668-BE54-9A1E7A4F7556}") = "YCompany.Microservices.Enums", "src\Microservices\Common\YCompany.Microservices.Enums\YCompany.Microservices.Enums.csproj", "{383A09B2-259F-47CA-BC26-DFFDBAE3791D}"
EndProject
Project("{2150E333-8FDC-42A3-9474-1A3956D46DE8}") = "Aggregator.Models", "Aggregator.Models", "{CB2C54A0-1841-430A-95F3-7ABACEF99FF1}"
EndProject
Project("{9A19103F-16F7-4668-BE54-9A1E7A4F7556}") = "ApiGateways.HttpAggregator.Models", "src\Aggregator.Models\ApiGateways.HttpAggregator.Models\ApiGateways.HttpAggregator.Models.csproj", "{A1F0BDB6-9E54-44F5-99B8-DC5A86ECDC89}"
EndProject
Project("{9A19103F-16F7-4668-BE54-9A1E7A4F7556}") = "YCompany.Microservices.EventSourcing", "src\Microservices\Common\YCompany.Microservices.Claim.EventSourcing\YCompany.Microservices.EventSourcing.csproj", "{8B3868CF-301B-49BD-B5DB-7E38C8CE985B}"
EndProject
Project("{9A19103F-16F7-4668-BE54-9A1E7A4F7556}") = "YCompany.Notification.API", "src\Microservices\Notification\YCompany.Notification.API.csproj", "{B3F544DC-21C4-490A-9B3C-9041221C10A2}"
EndProject
Project("{2150E333-8FDC-42A3-9474-1A3956D46DE8}") = "Claim", "Claim", "{00CF73A5-E4A6-4E26-AC86-32D67A1951DC}"
EndProject
Project("{2150E333-8FDC-42A3-9474-1A3956D46DE8}") = "Identity", "Identity", "{B2A03E61-84D1-48EB-A7BB-B9CAAD8326FD}"
EndProject
Project("{2150E333-8FDC-42A3-9474-1A3956D46DE8}") = "Notification", "Notification", "{F0E1C524-535B-4DAD-A028-09F16D7D42CC}"
EndProject
Project("{E53339B2-1760-4266-BCC7-CA923CBCF16C}") = "docker-compose", "docker-compose.dcproj", "{489A507B-3A3A-4473-B72F-4ABD3551603F}"
EndProject
Global
	GlobalSection(SolutionConfigurationPlatforms) = preSolution
		Debug|Any CPU = Debug|Any CPU
		Release|Any CPU = Release|Any CPU
	EndGlobalSection
	GlobalSection(ProjectConfigurationPlatforms) = postSolution
		{400BCD6C-9FED-4D4E-A383-A151F6DE7412}.Debug|Any CPU.ActiveCfg = Debug|Any CPU
		{400BCD6C-9FED-4D4E-A383-A151F6DE7412}.Debug|Any CPU.Build.0 = Debug|Any CPU
		{400BCD6C-9FED-4D4E-A383-A151F6DE7412}.Release|Any CPU.ActiveCfg = Release|Any CPU
		{400BCD6C-9FED-4D4E-A383-A151F6DE7412}.Release|Any CPU.Build.0 = Release|Any CPU
		{A2BAFD99-2CA6-41F4-9E41-E8B2FD8965DE}.Debug|Any CPU.ActiveCfg = Debug|Any CPU
		{A2BAFD99-2CA6-41F4-9E41-E8B2FD8965DE}.Debug|Any CPU.Build.0 = Debug|Any CPU
		{A2BAFD99-2CA6-41F4-9E41-E8B2FD8965DE}.Release|Any CPU.ActiveCfg = Release|Any CPU
		{A2BAFD99-2CA6-41F4-9E41-E8B2FD8965DE}.Release|Any CPU.Build.0 = Release|Any CPU
		{048909B6-178C-418E-A64C-2A4E10BB2C2C}.Debug|Any CPU.ActiveCfg = Debug|Any CPU
		{048909B6-178C-418E-A64C-2A4E10BB2C2C}.Debug|Any CPU.Build.0 = Debug|Any CPU
		{048909B6-178C-418E-A64C-2A4E10BB2C2C}.Release|Any CPU.ActiveCfg = Release|Any CPU
		{048909B6-178C-418E-A64C-2A4E10BB2C2C}.Release|Any CPU.Build.0 = Release|Any CPU
		{A41B8C2F-8116-42BE-86F5-674A0223FF3C}.Debug|Any CPU.ActiveCfg = Debug|Any CPU
		{A41B8C2F-8116-42BE-86F5-674A0223FF3C}.Debug|Any CPU.Build.0 = Debug|Any CPU
		{A41B8C2F-8116-42BE-86F5-674A0223FF3C}.Release|Any CPU.ActiveCfg = Release|Any CPU
		{A41B8C2F-8116-42BE-86F5-674A0223FF3C}.Release|Any CPU.Build.0 = Release|Any CPU
		{3F35679E-1887-40CB-B5C5-C403AF4EEBF5}.Debug|Any CPU.ActiveCfg = Debug|Any CPU
		{3F35679E-1887-40CB-B5C5-C403AF4EEBF5}.Debug|Any CPU.Build.0 = Debug|Any CPU
		{3F35679E-1887-40CB-B5C5-C403AF4EEBF5}.Release|Any CPU.ActiveCfg = Release|Any CPU
		{3F35679E-1887-40CB-B5C5-C403AF4EEBF5}.Release|Any CPU.Build.0 = Release|Any CPU
		{FF35A804-591A-4D9D-A5D4-5E6B86910380}.Debug|Any CPU.ActiveCfg = Debug|Any CPU
		{FF35A804-591A-4D9D-A5D4-5E6B86910380}.Debug|Any CPU.Build.0 = Debug|Any CPU
		{FF35A804-591A-4D9D-A5D4-5E6B86910380}.Release|Any CPU.ActiveCfg = Release|Any CPU
		{FF35A804-591A-4D9D-A5D4-5E6B86910380}.Release|Any CPU.Build.0 = Release|Any CPU
		{C5D58E82-A1F8-4DEA-8AD3-056EBEBD90AC}.Debug|Any CPU.ActiveCfg = Debug|Any CPU
		{C5D58E82-A1F8-4DEA-8AD3-056EBEBD90AC}.Debug|Any CPU.Build.0 = Debug|Any CPU
		{C5D58E82-A1F8-4DEA-8AD3-056EBEBD90AC}.Release|Any CPU.ActiveCfg = Release|Any CPU
		{C5D58E82-A1F8-4DEA-8AD3-056EBEBD90AC}.Release|Any CPU.Build.0 = Release|Any CPU
		{EFA39E52-2C63-479F-9D31-D329F30BC6F1}.Debug|Any CPU.ActiveCfg = Debug|Any CPU
		{EFA39E52-2C63-479F-9D31-D329F30BC6F1}.Debug|Any CPU.Build.0 = Debug|Any CPU
		{EFA39E52-2C63-479F-9D31-D329F30BC6F1}.Release|Any CPU.ActiveCfg = Release|Any CPU
		{EFA39E52-2C63-479F-9D31-D329F30BC6F1}.Release|Any CPU.Build.0 = Release|Any CPU
		{98FAEBE6-AF8A-4081-8910-0631A10AD0FC}.Debug|Any CPU.ActiveCfg = Debug|Any CPU
		{98FAEBE6-AF8A-4081-8910-0631A10AD0FC}.Debug|Any CPU.Build.0 = Debug|Any CPU
		{98FAEBE6-AF8A-4081-8910-0631A10AD0FC}.Release|Any CPU.ActiveCfg = Release|Any CPU
		{98FAEBE6-AF8A-4081-8910-0631A10AD0FC}.Release|Any CPU.Build.0 = Release|Any CPU
		{3F00A812-1BBE-418D-B712-B8BB6C8AE05E}.Debug|Any CPU.ActiveCfg = Debug|Any CPU
		{3F00A812-1BBE-418D-B712-B8BB6C8AE05E}.Debug|Any CPU.Build.0 = Debug|Any CPU
		{3F00A812-1BBE-418D-B712-B8BB6C8AE05E}.Release|Any CPU.ActiveCfg = Release|Any CPU
		{3F00A812-1BBE-418D-B712-B8BB6C8AE05E}.Release|Any CPU.Build.0 = Release|Any CPU
		{5B3F3772-3F37-4D8F-A084-D4C8E12EF87F}.Debug|Any CPU.ActiveCfg = Debug|Any CPU
		{5B3F3772-3F37-4D8F-A084-D4C8E12EF87F}.Debug|Any CPU.Build.0 = Debug|Any CPU
		{5B3F3772-3F37-4D8F-A084-D4C8E12EF87F}.Release|Any CPU.ActiveCfg = Release|Any CPU
		{5B3F3772-3F37-4D8F-A084-D4C8E12EF87F}.Release|Any CPU.Build.0 = Release|Any CPU
		{383A09B2-259F-47CA-BC26-DFFDBAE3791D}.Debug|Any CPU.ActiveCfg = Debug|Any CPU
		{383A09B2-259F-47CA-BC26-DFFDBAE3791D}.Debug|Any CPU.Build.0 = Debug|Any CPU
		{383A09B2-259F-47CA-BC26-DFFDBAE3791D}.Release|Any CPU.ActiveCfg = Release|Any CPU
		{383A09B2-259F-47CA-BC26-DFFDBAE3791D}.Release|Any CPU.Build.0 = Release|Any CPU
		{A1F0BDB6-9E54-44F5-99B8-DC5A86ECDC89}.Debug|Any CPU.ActiveCfg = Debug|Any CPU
		{A1F0BDB6-9E54-44F5-99B8-DC5A86ECDC89}.Debug|Any CPU.Build.0 = Debug|Any CPU
		{A1F0BDB6-9E54-44F5-99B8-DC5A86ECDC89}.Release|Any CPU.ActiveCfg = Release|Any CPU
		{A1F0BDB6-9E54-44F5-99B8-DC5A86ECDC89}.Release|Any CPU.Build.0 = Release|Any CPU
		{8B3868CF-301B-49BD-B5DB-7E38C8CE985B}.Debug|Any CPU.ActiveCfg = Debug|Any CPU
		{8B3868CF-301B-49BD-B5DB-7E38C8CE985B}.Debug|Any CPU.Build.0 = Debug|Any CPU
		{8B3868CF-301B-49BD-B5DB-7E38C8CE985B}.Release|Any CPU.ActiveCfg = Release|Any CPU
		{8B3868CF-301B-49BD-B5DB-7E38C8CE985B}.Release|Any CPU.Build.0 = Release|Any CPU
		{B3F544DC-21C4-490A-9B3C-9041221C10A2}.Debug|Any CPU.ActiveCfg = Debug|Any CPU
		{B3F544DC-21C4-490A-9B3C-9041221C10A2}.Debug|Any CPU.Build.0 = Debug|Any CPU
		{B3F544DC-21C4-490A-9B3C-9041221C10A2}.Release|Any CPU.ActiveCfg = Release|Any CPU
		{B3F544DC-21C4-490A-9B3C-9041221C10A2}.Release|Any CPU.Build.0 = Release|Any CPU
		{489A507B-3A3A-4473-B72F-4ABD3551603F}.Debug|Any CPU.ActiveCfg = Debug|Any CPU
		{489A507B-3A3A-4473-B72F-4ABD3551603F}.Debug|Any CPU.Build.0 = Debug|Any CPU
		{489A507B-3A3A-4473-B72F-4ABD3551603F}.Release|Any CPU.ActiveCfg = Release|Any CPU
		{489A507B-3A3A-4473-B72F-4ABD3551603F}.Release|Any CPU.Build.0 = Release|Any CPU
	EndGlobalSection
	GlobalSection(SolutionProperties) = preSolution
		HideSolutionNode = FALSE
	EndGlobalSection
	GlobalSection(NestedProjects) = preSolution
		{CA392611-BCBD-4492-8DF2-31F7AFAAE8A5} = {5A3527C5-51BB-4FE6-879A-E7627E376AAE}
		{8B356D86-B3B3-4EEB-BEEA-2962617AE9B3} = {5A3527C5-51BB-4FE6-879A-E7627E376AAE}
		{812F5DDB-4F1F-4DDE-A2B6-965274FC765C} = {5A3527C5-51BB-4FE6-879A-E7627E376AAE}
		{A7E9A55B-FDA4-4ED3-A3B9-CB2BBA46B612} = {5A3527C5-51BB-4FE6-879A-E7627E376AAE}
		{8937415F-3C53-4A40-8CEB-A5A10771663F} = {CA392611-BCBD-4492-8DF2-31F7AFAAE8A5}
		{400BCD6C-9FED-4D4E-A383-A151F6DE7412} = {8937415F-3C53-4A40-8CEB-A5A10771663F}
		{A2BAFD99-2CA6-41F4-9E41-E8B2FD8965DE} = {8937415F-3C53-4A40-8CEB-A5A10771663F}
		{13FF26EC-F7D6-40A7-8488-0C5E0A663C09} = {CA392611-BCBD-4492-8DF2-31F7AFAAE8A5}
		{048909B6-178C-418E-A64C-2A4E10BB2C2C} = {13FF26EC-F7D6-40A7-8488-0C5E0A663C09}
		{A41B8C2F-8116-42BE-86F5-674A0223FF3C} = {13FF26EC-F7D6-40A7-8488-0C5E0A663C09}
		{3F35679E-1887-40CB-B5C5-C403AF4EEBF5} = {812F5DDB-4F1F-4DDE-A2B6-965274FC765C}
		{FF35A804-591A-4D9D-A5D4-5E6B86910380} = {812F5DDB-4F1F-4DDE-A2B6-965274FC765C}
		{C5D58E82-A1F8-4DEA-8AD3-056EBEBD90AC} = {812F5DDB-4F1F-4DDE-A2B6-965274FC765C}
		{EFA39E52-2C63-479F-9D31-D329F30BC6F1} = {B2A03E61-84D1-48EB-A7BB-B9CAAD8326FD}
		{35FE7AE7-9745-458C-87C7-CDF5BBF9AC22} = {CA392611-BCBD-4492-8DF2-31F7AFAAE8A5}
		{98FAEBE6-AF8A-4081-8910-0631A10AD0FC} = {35FE7AE7-9745-458C-87C7-CDF5BBF9AC22}
		{3F00A812-1BBE-418D-B712-B8BB6C8AE05E} = {00CF73A5-E4A6-4E26-AC86-32D67A1951DC}
		{353D2626-2501-4938-B68D-E453C17F1269} = {8B356D86-B3B3-4EEB-BEEA-2962617AE9B3}
		{5B3F3772-3F37-4D8F-A084-D4C8E12EF87F} = {353D2626-2501-4938-B68D-E453C17F1269}
		{383A09B2-259F-47CA-BC26-DFFDBAE3791D} = {353D2626-2501-4938-B68D-E453C17F1269}
		{CB2C54A0-1841-430A-95F3-7ABACEF99FF1} = {CA392611-BCBD-4492-8DF2-31F7AFAAE8A5}
		{A1F0BDB6-9E54-44F5-99B8-DC5A86ECDC89} = {CB2C54A0-1841-430A-95F3-7ABACEF99FF1}
		{8B3868CF-301B-49BD-B5DB-7E38C8CE985B} = {353D2626-2501-4938-B68D-E453C17F1269}
		{B3F544DC-21C4-490A-9B3C-9041221C10A2} = {F0E1C524-535B-4DAD-A028-09F16D7D42CC}
		{00CF73A5-E4A6-4E26-AC86-32D67A1951DC} = {8B356D86-B3B3-4EEB-BEEA-2962617AE9B3}
		{B2A03E61-84D1-48EB-A7BB-B9CAAD8326FD} = {8B356D86-B3B3-4EEB-BEEA-2962617AE9B3}
		{F0E1C524-535B-4DAD-A028-09F16D7D42CC} = {8B356D86-B3B3-4EEB-BEEA-2962617AE9B3}
	EndGlobalSection
	GlobalSection(ExtensibilityGlobals) = postSolution
		SolutionGuid = {519019AB-98A3-46DE-8E37-B43D13919943}
	EndGlobalSection
EndGlobal
